
Microsoft Visual Studio Solution File, Format Version 12.00
# Visual Studio Version 16
VisualStudioVersion = 16.0.29926.136
MinimumVisualStudioVersion = 10.0.40219.1
Project("{FAE04EC0-301F-11D3-BF4B-00C04F79EFBC}") = "NHSNumberValidation", "NHSNumberValidation\NHSNumberValidation.csproj", "{573613B7-BB38-44A6-8B82-4C23C7F64FD9}"
EndProject
Project("{FAE04EC0-301F-11D3-BF4B-00C04F79EFBC}") = "NHSNumberValidation.Tests.Unit", "NHSNumberValidation.Tests.Unit\NHSNumberValidation.Tests.Unit.csproj", "{083BBB22-1263-4439-8528-D4A48D4158F7}"
EndProject
Global
	GlobalSection(SolutionConfigurationPlatforms) = preSolution
		Debug|Any CPU = Debug|Any CPU
		Release|Any CPU = Release|Any CPU
	EndGlobalSection
	GlobalSection(ProjectConfigurationPlatforms) = postSolution
		{573613B7-BB38-44A6-8B82-4C23C7F64FD9}.Debug|Any CPU.ActiveCfg = Debug|Any CPU
		{573613B7-BB38-44A6-8B82-4C23C7F64FD9}.Debug|Any CPU.Build.0 = Debug|Any CPU
		{573613B7-BB38-44A6-8B82-4C23C7F64FD9}.Release|Any CPU.ActiveCfg = Release|Any CPU
		{573613B7-BB38-44A6-8B82-4C23C7F64FD9}.Release|Any CPU.Build.0 = Release|Any CPU
		{083BBB22-1263-4439-8528-D4A48D4158F7}.Debug|Any CPU.ActiveCfg = Debug|Any CPU
		{083BBB22-1263-4439-8528-D4A48D4158F7}.Debug|Any CPU.Build.0 = Debug|Any CPU
		{083BBB22-1263-4439-8528-D4A48D4158F7}.Release|Any CPU.ActiveCfg = Release|Any CPU
		{083BBB22-1263-4439-8528-D4A48D4158F7}.Release|Any CPU.Build.0 = Release|Any CPU
	EndGlobalSection
	GlobalSection(SolutionProperties) = preSolution
		HideSolutionNode = FALSE
	EndGlobalSection
	GlobalSection(ExtensibilityGlobals) = postSolution
		SolutionGuid = {9D0D8089-4CD7-47AA-AEC7-747715A705D9}
	EndGlobalSection
EndGlobal
